
Microsoft Visual Studio Solution File, Format Version 12.00
# Visual Studio Version 17
VisualStudioVersion = 17.7.34031.279
MinimumVisualStudioVersion = 10.0.40219.1
Project("{FAE04EC0-301F-11D3-BF4B-00C04F79EFBC}") = "OurFirstApp_skinsinger", "OurFirstApp_skinsinger\OurFirstApp_skinsinger.csproj", "{918B9CE1-3ED4-4DFE-87D8-E6003B469C43}"
EndProject
Global
	GlobalSection(SolutionConfigurationPlatforms) = preSolution
		Debug|Any CPU = Debug|Any CPU
		Release|Any CPU = Release|Any CPU
	EndGlobalSection
	GlobalSection(ProjectConfigurationPlatforms) = postSolution
		{918B9CE1-3ED4-4DFE-87D8-E6003B469C43}.Debug|Any CPU.ActiveCfg = Debug|Any CPU
		{918B9CE1-3ED4-4DFE-87D8-E6003B469C43}.Debug|Any CPU.Build.0 = Debug|Any CPU
		{918B9CE1-3ED4-4DFE-87D8-E6003B469C43}.Release|Any CPU.ActiveCfg = Release|Any CPU
		{918B9CE1-3ED4-4DFE-87D8-E6003B469C43}.Release|Any CPU.Build.0 = Release|Any CPU
	EndGlobalSection
	GlobalSection(SolutionProperties) = preSolution
		HideSolutionNode = FALSE
	EndGlobalSection
	GlobalSection(ExtensibilityGlobals) = postSolution
		SolutionGuid = {B93E8BF3-B10D-4EAB-A1A9-E426AB8B6A15}
	EndGlobalSection
EndGlobal
